
Microsoft Visual Studio Solution File, Format Version 12.00
# Visual Studio Version 16
VisualStudioVersion = 16.0.30406.217
MinimumVisualStudioVersion = 10.0.40219.1
Project("{9A19103F-16F7-4668-BE54-9A1E7A4F7556}") = "KampIntro", "KampIntro\KampIntro.csproj", "{E100DE44-677D-405E-9B6E-AE4C2DFB21B3}"
EndProject
Project("{9A19103F-16F7-4668-BE54-9A1E7A4F7556}") = "Donguler", "Donguler\Donguler.csproj", "{4279EE47-8EE6-4D06-84F7-E344E2071860}"
EndProject
Project("{9A19103F-16F7-4668-BE54-9A1E7A4F7556}") = "ClassIntro", "ClassIntro\ClassIntro.csproj", "{8C9D2F4D-780B-47D0-A417-DB7E3F2F4A81}"
EndProject
Project("{9A19103F-16F7-4668-BE54-9A1E7A4F7556}") = "ClassOdevi", "ClassOdevi\ClassOdevi.csproj", "{14579137-E77F-4DAB-A7AD-274C3BE0F0A6}"
EndProject
Project("{9A19103F-16F7-4668-BE54-9A1E7A4F7556}") = "Metotlar", "Metotlar\Metotlar.csproj", "{E04354CC-1841-4CC3-B2A7-4CD3EC1DDE80}"
EndProject
Project("{9A19103F-16F7-4668-BE54-9A1E7A4F7556}") = "Matematik", "Matematik\Matematik.csproj", "{48AAE7EC-D038-4C5D-B1AA-A6B383C01DDA}"
EndProject
Project("{9A19103F-16F7-4668-BE54-9A1E7A4F7556}") = "DegerVeReferansTipler", "DegerVeReferansTipler\DegerVeReferansTipler.csproj", "{92C2C8E3-6DD8-48AE-9E3F-38DA3F7B5E67}"
EndProject
Project("{9A19103F-16F7-4668-BE54-9A1E7A4F7556}") = "OOP1", "OOP1\OOP1.csproj", "{C15C9683-2904-4A44-8AA3-59BADD8592BA}"
EndProject
Project("{9A19103F-16F7-4668-BE54-9A1E7A4F7556}") = "Collections", "Collections\Collections.csproj", "{54BC270F-5070-4A5B-B258-A92CBF9B0E00}"
EndProject
Project("{9A19103F-16F7-4668-BE54-9A1E7A4F7556}") = "GenericsIntro", "GenericsIntro\GenericsIntro.csproj", "{0F428EA5-E6F6-4B4B-A471-93A242DA6304}"
EndProject
Project("{FAE04EC0-301F-11D3-BF4B-00C04F79EFBC}") = "OOP2", "OOP2\OOP2.csproj", "{F4CAEA43-8817-4395-850A-0F3225DF2623}"
EndProject
Project("{FAE04EC0-301F-11D3-BF4B-00C04F79EFBC}") = "OOP3", "OOP3\OOP3.csproj", "{419BBBD0-0D90-4AAA-A455-2CEA5E116628}"
EndProject
Global
	GlobalSection(SolutionConfigurationPlatforms) = preSolution
		Debug|Any CPU = Debug|Any CPU
		Release|Any CPU = Release|Any CPU
	EndGlobalSection
	GlobalSection(ProjectConfigurationPlatforms) = postSolution
		{E100DE44-677D-405E-9B6E-AE4C2DFB21B3}.Debug|Any CPU.ActiveCfg = Debug|Any CPU
		{E100DE44-677D-405E-9B6E-AE4C2DFB21B3}.Debug|Any CPU.Build.0 = Debug|Any CPU
		{E100DE44-677D-405E-9B6E-AE4C2DFB21B3}.Release|Any CPU.ActiveCfg = Release|Any CPU
		{E100DE44-677D-405E-9B6E-AE4C2DFB21B3}.Release|Any CPU.Build.0 = Release|Any CPU
		{4279EE47-8EE6-4D06-84F7-E344E2071860}.Debug|Any CPU.ActiveCfg = Debug|Any CPU
		{4279EE47-8EE6-4D06-84F7-E344E2071860}.Debug|Any CPU.Build.0 = Debug|Any CPU
		{4279EE47-8EE6-4D06-84F7-E344E2071860}.Release|Any CPU.ActiveCfg = Release|Any CPU
		{4279EE47-8EE6-4D06-84F7-E344E2071860}.Release|Any CPU.Build.0 = Release|Any CPU
		{8C9D2F4D-780B-47D0-A417-DB7E3F2F4A81}.Debug|Any CPU.ActiveCfg = Debug|Any CPU
		{8C9D2F4D-780B-47D0-A417-DB7E3F2F4A81}.Debug|Any CPU.Build.0 = Debug|Any CPU
		{8C9D2F4D-780B-47D0-A417-DB7E3F2F4A81}.Release|Any CPU.ActiveCfg = Release|Any CPU
		{8C9D2F4D-780B-47D0-A417-DB7E3F2F4A81}.Release|Any CPU.Build.0 = Release|Any CPU
		{14579137-E77F-4DAB-A7AD-274C3BE0F0A6}.Debug|Any CPU.ActiveCfg = Debug|Any CPU
		{14579137-E77F-4DAB-A7AD-274C3BE0F0A6}.Debug|Any CPU.Build.0 = Debug|Any CPU
		{14579137-E77F-4DAB-A7AD-274C3BE0F0A6}.Release|Any CPU.ActiveCfg = Release|Any CPU
		{14579137-E77F-4DAB-A7AD-274C3BE0F0A6}.Release|Any CPU.Build.0 = Release|Any CPU
		{E04354CC-1841-4CC3-B2A7-4CD3EC1DDE80}.Debug|Any CPU.ActiveCfg = Debug|Any CPU
		{E04354CC-1841-4CC3-B2A7-4CD3EC1DDE80}.Debug|Any CPU.Build.0 = Debug|Any CPU
		{E04354CC-1841-4CC3-B2A7-4CD3EC1DDE80}.Release|Any CPU.ActiveCfg = Release|Any CPU
		{E04354CC-1841-4CC3-B2A7-4CD3EC1DDE80}.Release|Any CPU.Build.0 = Release|Any CPU
		{48AAE7EC-D038-4C5D-B1AA-A6B383C01DDA}.Debug|Any CPU.ActiveCfg = Debug|Any CPU
		{48AAE7EC-D038-4C5D-B1AA-A6B383C01DDA}.Debug|Any CPU.Build.0 = Debug|Any CPU
		{48AAE7EC-D038-4C5D-B1AA-A6B383C01DDA}.Release|Any CPU.ActiveCfg = Release|Any CPU
		{48AAE7EC-D038-4C5D-B1AA-A6B383C01DDA}.Release|Any CPU.Build.0 = Release|Any CPU
		{92C2C8E3-6DD8-48AE-9E3F-38DA3F7B5E67}.Debug|Any CPU.ActiveCfg = Debug|Any CPU
		{92C2C8E3-6DD8-48AE-9E3F-38DA3F7B5E67}.Debug|Any CPU.Build.0 = Debug|Any CPU
		{92C2C8E3-6DD8-48AE-9E3F-38DA3F7B5E67}.Release|Any CPU.ActiveCfg = Release|Any CPU
		{92C2C8E3-6DD8-48AE-9E3F-38DA3F7B5E67}.Release|Any CPU.Build.0 = Release|Any CPU
		{C15C9683-2904-4A44-8AA3-59BADD8592BA}.Debug|Any CPU.ActiveCfg = Debug|Any CPU
		{C15C9683-2904-4A44-8AA3-59BADD8592BA}.Debug|Any CPU.Build.0 = Debug|Any CPU
		{C15C9683-2904-4A44-8AA3-59BADD8592BA}.Release|Any CPU.ActiveCfg = Release|Any CPU
		{C15C9683-2904-4A44-8AA3-59BADD8592BA}.Release|Any CPU.Build.0 = Release|Any CPU
		{54BC270F-5070-4A5B-B258-A92CBF9B0E00}.Debug|Any CPU.ActiveCfg = Debug|Any CPU
		{54BC270F-5070-4A5B-B258-A92CBF9B0E00}.Debug|Any CPU.Build.0 = Debug|Any CPU
		{54BC270F-5070-4A5B-B258-A92CBF9B0E00}.Release|Any CPU.ActiveCfg = Release|Any CPU
		{54BC270F-5070-4A5B-B258-A92CBF9B0E00}.Release|Any CPU.Build.0 = Release|Any CPU
		{0F428EA5-E6F6-4B4B-A471-93A242DA6304}.Debug|Any CPU.ActiveCfg = Debug|Any CPU
		{0F428EA5-E6F6-4B4B-A471-93A242DA6304}.Debug|Any CPU.Build.0 = Debug|Any CPU
		{0F428EA5-E6F6-4B4B-A471-93A242DA6304}.Release|Any CPU.ActiveCfg = Release|Any CPU
		{0F428EA5-E6F6-4B4B-A471-93A242DA6304}.Release|Any CPU.Build.0 = Release|Any CPU
		{F4CAEA43-8817-4395-850A-0F3225DF2623}.Debug|Any CPU.ActiveCfg = Debug|Any CPU
		{F4CAEA43-8817-4395-850A-0F3225DF2623}.Debug|Any CPU.Build.0 = Debug|Any CPU
		{F4CAEA43-8817-4395-850A-0F3225DF2623}.Release|Any CPU.ActiveCfg = Release|Any CPU
		{F4CAEA43-8817-4395-850A-0F3225DF2623}.Release|Any CPU.Build.0 = Release|Any CPU
		{419BBBD0-0D90-4AAA-A455-2CEA5E116628}.Debug|Any CPU.ActiveCfg = Debug|Any CPU
		{419BBBD0-0D90-4AAA-A455-2CEA5E116628}.Debug|Any CPU.Build.0 = Debug|Any CPU
		{419BBBD0-0D90-4AAA-A455-2CEA5E116628}.Release|Any CPU.ActiveCfg = Release|Any CPU
		{419BBBD0-0D90-4AAA-A455-2CEA5E116628}.Release|Any CPU.Build.0 = Release|Any CPU
	EndGlobalSection
	GlobalSection(SolutionProperties) = preSolution
		HideSolutionNode = FALSE
	EndGlobalSection
	GlobalSection(ExtensibilityGlobals) = postSolution
		SolutionGuid = {43F7C3F2-5DB7-452F-B31F-2962B294A7D9}
	EndGlobalSection
EndGlobal
